<?xml version="1.0" encoding="utf-8"?>
<Project ToolsVersion="4.0" xmlns="http://schemas.microsoft.com/developer/msbuild/2003">
  <ItemGroup>
    <ClCompile Include="Application.cpp" />
    <ClCompile Include="Main.cpp" />
    <ClCompile Include="Component_Camera.cpp">
      <Filter>Game</Filter>
    </ClCompile>
    <ClCompile Include="Component_Mesh.cpp">
      <Filter>Game</Filter>
    </ClCompile>
    <ClCompile Include="Component_Texture.cpp">
      <Filter>Game</Filter>
    </ClCompile>
    <ClCompile Include="Component_Transform.cpp">
      <Filter>Game</Filter>
    </ClCompile>
    <ClCompile Include="GameObject.cpp">
      <Filter>Game</Filter>
    </ClCompile>
    <ClCompile Include="glmath.cpp">
      <Filter>Tools</Filter>
    </ClCompile>
    <ClCompile Include="Color.cpp">
      <Filter>Tools</Filter>
    </ClCompile>
    <ClCompile Include="ImGuizmo\ImCurveEdit.cpp">
      <Filter>ImGui\ImGuizmo</Filter>
    </ClCompile>
    <ClCompile Include="ImGuizmo\ImGradient.cpp">
      <Filter>ImGui\ImGuizmo</Filter>
    </ClCompile>
    <ClCompile Include="ImGui\imgui.cpp">
      <Filter>ImGui</Filter>
    </ClCompile>
    <ClCompile Include="ImGui\imgui_demo.cpp">
      <Filter>ImGui</Filter>
    </ClCompile>
    <ClCompile Include="ImGui\imgui_draw.cpp">
      <Filter>ImGui</Filter>
    </ClCompile>
    <ClCompile Include="ImGui\imgui_impl_opengl3.cpp">
      <Filter>ImGui</Filter>
    </ClCompile>
    <ClCompile Include="ImGui\imgui_impl_sdl.cpp">
      <Filter>ImGui</Filter>
    </ClCompile>
    <ClCompile Include="ImGui\imgui_widgets.cpp">
      <Filter>ImGui</Filter>
    </ClCompile>
    <ClCompile Include="ImGuizmo\ImGuizmo.cpp">
      <Filter>ImGui</Filter>
    </ClCompile>
    <ClCompile Include="ImGuizmo\ImSequencer.cpp">
      <Filter>ImGui</Filter>
    </ClCompile>
    <ClCompile Include="log.cpp">
      <Filter>Tools</Filter>
    </ClCompile>
    <ClCompile Include="mmgr\mmgr.cpp">
      <Filter>mmgr</Filter>
    </ClCompile>
    <ClCompile Include="ModuleCamera3D.cpp">
      <Filter>Modules</Filter>
    </ClCompile>
    <ClCompile Include="ModuleFileSystem.cpp">
      <Filter>Modules</Filter>
    </ClCompile>
    <ClCompile Include="ModuleImporter.cpp">
      <Filter>Modules</Filter>
    </ClCompile>
    <ClCompile Include="ModuleInput.cpp">
      <Filter>Modules</Filter>
    </ClCompile>
    <ClCompile Include="ModuleRenderer3D.cpp">
      <Filter>Modules</Filter>
    </ClCompile>
    <ClCompile Include="ModuleResourceManager.cpp">
      <Filter>Modules</Filter>
    </ClCompile>
    <ClCompile Include="ModuleSceneIntro.cpp">
      <Filter>Modules</Filter>
    </ClCompile>
    <ClCompile Include="ModuleUI.cpp">
      <Filter>Modules</Filter>
    </ClCompile>
    <ClCompile Include="ModuleWindow.cpp">
      <Filter>Modules</Filter>
    </ClCompile>
    <ClCompile Include="QuadTree.cpp">
      <Filter>Tools</Filter>
    </ClCompile>
    <ClCompile Include="Panel.cpp">
      <Filter>Modules\UI</Filter>
    </ClCompile>
    <ClCompile Include="PanelAbout.cpp">
      <Filter>Modules\UI</Filter>
    </ClCompile>
    <ClCompile Include="PanelConfig.cpp">
      <Filter>Modules\UI</Filter>
    </ClCompile>
    <ClCompile Include="PanelConsole.cpp">
      <Filter>Modules\UI</Filter>
    </ClCompile>
    <ClCompile Include="PanelHierarchy.cpp">
      <Filter>Modules\UI</Filter>
    </ClCompile>
    <ClCompile Include="PanelInspector.cpp">
      <Filter>Modules\UI</Filter>
    </ClCompile>
    <ClCompile Include="PanelSaveAndLoad.cpp">
      <Filter>Modules\UI</Filter>
    </ClCompile>
    <ClCompile Include="PanelShapes.cpp">
      <Filter>Modules\UI</Filter>
    </ClCompile>
    <ClCompile Include="Timer.cpp">
      <Filter>Tools</Filter>
    </ClCompile>
    <ClCompile Include="Resource.cpp">
      <Filter>Tools\Resources</Filter>
    </ClCompile>
    <ClCompile Include="ResourceMesh.cpp">
      <Filter>Tools\Resources</Filter>
    </ClCompile>
    <ClCompile Include="ResourceTexture.cpp">
      <Filter>Tools\Resources</Filter>
    </ClCompile>
    <ClCompile Include="Light.cpp">
      <Filter>Tools</Filter>
    </ClCompile>
    <ClCompile Include="par_shapes.cpp">
      <Filter>par_shapes</Filter>
    </ClCompile>
    <ClCompile Include="PCGRandom\pcg_basic.c">
      <Filter>par_shapes</Filter>
    </ClCompile>
    <ClCompile Include="Primitive.cpp">
      <Filter>par_shapes</Filter>
    </ClCompile>
    <ClCompile Include="PanelGame.cpp">
      <Filter>Modules\UI</Filter>
    </ClCompile>
    <ClCompile Include="GameTimer.cpp">
      <Filter>Tools</Filter>
    </ClCompile>
    <ClCompile Include="PanelCamera.cpp">
      <Filter>Modules\UI</Filter>
    </ClCompile>
    <ClCompile Include="ModulePhysics.cpp">
      <Filter>Modules</Filter>
    </ClCompile>
    <ClCompile Include="btPrimitive.cpp">
      <Filter>Tools</Filter>
    </ClCompile>
  </ItemGroup>
  <ItemGroup>
    <ClInclude Include="Application.h" />
    <ClInclude Include="Component.h">
      <Filter>Game</Filter>
    </ClInclude>
    <ClInclude Include="Component_Camera.h">
      <Filter>Game</Filter>
    </ClInclude>
    <ClInclude Include="Component_Mesh.h">
      <Filter>Game</Filter>
    </ClInclude>
    <ClInclude Include="Component_Texture.h">
      <Filter>Game</Filter>
    </ClInclude>
    <ClInclude Include="Component_Transform.h">
      <Filter>Game</Filter>
    </ClInclude>
    <ClInclude Include="GameObject.h">
      <Filter>Game</Filter>
    </ClInclude>
    <ClInclude Include="glmath.h">
      <Filter>Tools</Filter>
    </ClInclude>
    <ClInclude Include="Globals.h">
      <Filter>Tools</Filter>
    </ClInclude>
    <ClInclude Include="Color.h">
      <Filter>Tools</Filter>
    </ClInclude>
    <ClInclude Include="ImGuizmo\ImGradient.h">
      <Filter>ImGui\ImGuizmo</Filter>
    </ClInclude>
    <ClInclude Include="ImGuizmo\ImCurveEdit.h">
      <Filter>ImGui\ImGuizmo</Filter>
    </ClInclude>
    <ClInclude Include="ImGui\imstb_truetype.h">
      <Filter>ImGui</Filter>
    </ClInclude>
    <ClInclude Include="ImGui\imconfig.h">
      <Filter>ImGui</Filter>
    </ClInclude>
    <ClInclude Include="ImGui\imgui.h">
      <Filter>ImGui</Filter>
    </ClInclude>
    <ClInclude Include="ImGui\imgui_impl_opengl3.h">
      <Filter>ImGui</Filter>
    </ClInclude>
    <ClInclude Include="ImGui\imgui_impl_sdl.h">
      <Filter>ImGui</Filter>
    </ClInclude>
    <ClInclude Include="ImGui\imgui_internal.h">
      <Filter>ImGui</Filter>
    </ClInclude>
    <ClInclude Include="ImGuiConsole.h">
      <Filter>ImGui</Filter>
    </ClInclude>
    <ClInclude Include="ImGuizmo\ImGuizmo.h">
      <Filter>ImGui</Filter>
    </ClInclude>
    <ClInclude Include="ImGuizmo\ImSequencer.h">
      <Filter>ImGui</Filter>
    </ClInclude>
    <ClInclude Include="ImGui\imstb_rectpack.h">
      <Filter>ImGui</Filter>
    </ClInclude>
    <ClInclude Include="ImGui\imstb_textedit.h">
      <Filter>ImGui</Filter>
    </ClInclude>
    <ClInclude Include="MathGeoLib\include\MathGeoLibFwd.h">
      <Filter>MathGeoLib</Filter>
    </ClInclude>
    <ClInclude Include="MathGeoLib\include\MathBuildConfig.h">
      <Filter>MathGeoLib</Filter>
    </ClInclude>
    <ClInclude Include="MathGeoLib\include\MathGeoLib.h">
      <Filter>MathGeoLib</Filter>
    </ClInclude>
    <ClInclude Include="mmgr\mmgr.h">
      <Filter>mmgr</Filter>
    </ClInclude>
    <ClInclude Include="mmgr\nommgr.h">
      <Filter>mmgr</Filter>
    </ClInclude>
    <ClInclude Include="ModuleWindow.h">
      <Filter>Modules</Filter>
    </ClInclude>
    <ClInclude Include="Module.h">
      <Filter>Modules</Filter>
    </ClInclude>
    <ClInclude Include="ModuleCamera3D.h">
      <Filter>Modules</Filter>
    </ClInclude>
    <ClInclude Include="ModuleFileSystem.h">
      <Filter>Modules</Filter>
    </ClInclude>
    <ClInclude Include="ModuleImporter.h">
      <Filter>Modules</Filter>
    </ClInclude>
    <ClInclude Include="ModuleInput.h">
      <Filter>Modules</Filter>
    </ClInclude>
    <ClInclude Include="ModuleRenderer3D.h">
      <Filter>Modules</Filter>
    </ClInclude>
    <ClInclude Include="ModuleResourceManager.h">
      <Filter>Modules</Filter>
    </ClInclude>
    <ClInclude Include="ModuleSceneIntro.h">
      <Filter>Modules</Filter>
    </ClInclude>
    <ClInclude Include="ModuleUI.h">
      <Filter>Modules</Filter>
    </ClInclude>
    <ClInclude Include="QuadTree.h">
      <Filter>Tools</Filter>
    </ClInclude>
    <ClInclude Include="Panel.h">
      <Filter>Modules\UI</Filter>
    </ClInclude>
    <ClInclude Include="PanelAbout.h">
      <Filter>Modules\UI</Filter>
    </ClInclude>
    <ClInclude Include="PanelConfig.h">
      <Filter>Modules\UI</Filter>
    </ClInclude>
    <ClInclude Include="PanelConsole.h">
      <Filter>Modules\UI</Filter>
    </ClInclude>
    <ClInclude Include="PanelHierarchy.h">
      <Filter>Modules\UI</Filter>
    </ClInclude>
    <ClInclude Include="PanelInspector.h">
      <Filter>Modules\UI</Filter>
    </ClInclude>
    <ClInclude Include="PanelSaveAndLoad.h">
      <Filter>Modules\UI</Filter>
    </ClInclude>
    <ClInclude Include="PanelShapes.h">
      <Filter>Modules\UI</Filter>
    </ClInclude>
    <ClInclude Include="Timer.h">
      <Filter>Tools</Filter>
    </ClInclude>
    <ClInclude Include="ResourceTexture.h">
      <Filter>Tools\Resources</Filter>
    </ClInclude>
    <ClInclude Include="Resource.h">
      <Filter>Tools\Resources</Filter>
    </ClInclude>
    <ClInclude Include="ResourceMesh.h">
      <Filter>Tools\Resources</Filter>
    </ClInclude>
    <ClInclude Include="Light.h">
      <Filter>Tools</Filter>
    </ClInclude>
    <ClInclude Include="Primitive.h">
      <Filter>par_shapes</Filter>
    </ClInclude>
    <ClInclude Include="ParShapes\par_shapes.h">
      <Filter>par_shapes</Filter>
    </ClInclude>
    <ClInclude Include="PCGRandom\pcg_basic.h">
      <Filter>par_shapes</Filter>
    </ClInclude>
    <ClInclude Include="WindowsItem.h">
      <Filter>Tools</Filter>
    </ClInclude>
    <ClInclude Include="PanelGame.h">
      <Filter>Modules\UI</Filter>
    </ClInclude>
    <ClInclude Include="GameTimer.h">
      <Filter>Tools</Filter>
    </ClInclude>
    <ClInclude Include="PanelCamera.h">
      <Filter>Modules\UI</Filter>
    </ClInclude>
    <ClInclude Include="ModulePhysics.h">
      <Filter>Modules</Filter>
    </ClInclude>
    <ClInclude Include="btPrimitive.h">
      <Filter>Tools</Filter>
    </ClInclude>
  </ItemGroup>
  <ItemGroup>
    <None Include="Config.json" />
    <None Include="Game\About.json" />
  </ItemGroup>
  <ItemGroup>
    <Filter Include="Modules">
      <UniqueIdentifier>{f11d423d-ca6f-445c-9815-0d614fd46037}</UniqueIdentifier>
    </Filter>
    <Filter Include="ImGui">
      <UniqueIdentifier>{633f0fb9-eb67-4b51-a386-25f70f6fadd1}</UniqueIdentifier>
    </Filter>
    <Filter Include="MathGeoLib">
      <UniqueIdentifier>{c1182061-3cbc-458c-a324-e4f226790a06}</UniqueIdentifier>
    </Filter>
    <Filter Include="Tools">
      <UniqueIdentifier>{bce3edd5-5973-4cb0-a42f-d8e5ba9eaabf}</UniqueIdentifier>
    </Filter>
    <Filter Include="Game">
      <UniqueIdentifier>{845afac4-cf62-41cb-a311-4b6a45768e1b}</UniqueIdentifier>
    </Filter>
    <Filter Include="ImGui\ImGuizmo">
      <UniqueIdentifier>{cfc2c323-88b6-4d50-953a-a83c494c0060}</UniqueIdentifier>
    </Filter>
    <Filter Include="mmgr">
      <UniqueIdentifier>{1ef1572a-7b8e-4bdb-9fac-e2e4baa044aa}</UniqueIdentifier>
    </Filter>
    <Filter Include="Modules\UI">
      <UniqueIdentifier>{22dfa47b-c6f8-47b8-b680-a0f59df01b53}</UniqueIdentifier>
    </Filter>
    <Filter Include="Tools\Resources">
      <UniqueIdentifier>{eadf196f-f082-4089-a958-c68742ce239c}</UniqueIdentifier>
    </Filter>
    <Filter Include="par_shapes">
      <UniqueIdentifier>{21bb7018-636e-4892-83ca-828fa8a79041}</UniqueIdentifier>
    </Filter>
  </ItemGroup>
</Project>