<?xml version="1.0" encoding="utf-8"?>
<Project ToolsVersion="4.0" xmlns="http://schemas.microsoft.com/developer/msbuild/2003">
  <ItemGroup>
    <ClCompile Include="Application.cpp" />
    <ClCompile Include="Main.cpp" />
    <ClCompile Include="ImGui\imgui.cpp">
      <Filter>ImGui</Filter>
    </ClCompile>
    <ClCompile Include="ImGui\imgui_impl_sdl.cpp">
      <Filter>ImGui</Filter>
    </ClCompile>
    <ClCompile Include="ImGui\imgui_impl_opengl3.cpp">
      <Filter>ImGui</Filter>
    </ClCompile>
    <ClCompile Include="ImGui\imgui_draw.cpp">
      <Filter>ImGui</Filter>
    </ClCompile>
    <ClCompile Include="ImGui\imgui_demo.cpp">
      <Filter>ImGui</Filter>
    </ClCompile>
    <ClCompile Include="ImGui\imgui_widgets.cpp">
      <Filter>ImGui</Filter>
    </ClCompile>
    <ClCompile Include="ModuleCamera3D.cpp">
      <Filter>Modules</Filter>
    </ClCompile>
    <ClCompile Include="ModuleFileSystem.cpp">
      <Filter>Modules</Filter>
    </ClCompile>
    <ClCompile Include="ModuleImporter.cpp">
      <Filter>Modules</Filter>
    </ClCompile>
    <ClCompile Include="ModuleInput.cpp">
      <Filter>Modules</Filter>
    </ClCompile>
    <ClCompile Include="ModuleRenderer3D.cpp">
      <Filter>Modules</Filter>
    </ClCompile>
    <ClCompile Include="ModuleUI.cpp">
      <Filter>Modules</Filter>
    </ClCompile>
    <ClCompile Include="ModuleWindow.cpp">
      <Filter>Modules</Filter>
    </ClCompile>
    <ClCompile Include="Panel.cpp">
      <Filter>Modules\UI</Filter>
    </ClCompile>
    <ClCompile Include="PanelAbout.cpp">
      <Filter>Modules\UI</Filter>
    </ClCompile>
    <ClCompile Include="PanelConfig.cpp">
      <Filter>Modules\UI</Filter>
    </ClCompile>
    <ClCompile Include="PanelConsole.cpp">
      <Filter>Modules\UI</Filter>
    </ClCompile>
    <ClCompile Include="PanelShapes.cpp">
      <Filter>Modules\UI</Filter>
    </ClCompile>
    <ClCompile Include="ModuleSceneIntro.cpp">
      <Filter>Modules\Game</Filter>
    </ClCompile>
    <ClCompile Include="Timer.cpp">
      <Filter>Tools</Filter>
    </ClCompile>
    <ClCompile Include="log.cpp">
      <Filter>Tools</Filter>
    </ClCompile>
    <ClCompile Include="glmath.cpp">
      <Filter>Tools</Filter>
    </ClCompile>
    <ClCompile Include="Color.cpp">
      <Filter>Tools</Filter>
    </ClCompile>
    <ClCompile Include="par_shapes.cpp">
      <Filter>par_shapes</Filter>
    </ClCompile>
    <ClCompile Include="Primitive.cpp">
      <Filter>Primitives</Filter>
    </ClCompile>
    <ClCompile Include="Light.cpp">
      <Filter>Tools</Filter>
    </ClCompile>
    <ClCompile Include="GameObject.cpp">
      <Filter>Modules\Game\GameObjects</Filter>
    </ClCompile>
    <ClCompile Include="Component_Texture.cpp">
      <Filter>Modules\Game\GameObjects</Filter>
    </ClCompile>
    <ClCompile Include="Component_Mesh.cpp">
      <Filter>Modules\Game\GameObjects</Filter>
    </ClCompile>
    <ClCompile Include="PanelHierarchy.cpp">
      <Filter>Modules\UI</Filter>
    </ClCompile>
    <ClCompile Include="Component_Transform.cpp">
      <Filter>Modules\Game\GameObjects</Filter>
    </ClCompile>
    <ClCompile Include="PanelInspector.cpp">
      <Filter>Modules\UI</Filter>
    </ClCompile>
    <ClCompile Include="mmgr\mmgr.cpp">
      <Filter>mmgr</Filter>
    </ClCompile>
    <ClCompile Include="Importer.cpp">
      <Filter>Modules\Importers</Filter>
    </ClCompile>
    <ClCompile Include="MeshImporter.cpp">
      <Filter>Modules\Importers</Filter>
    </ClCompile>
    <ClCompile Include="MaterialImporter.cpp">
      <Filter>Modules\Importers</Filter>
    </ClCompile>
    <ClCompile Include="QuadTree.cpp">
      <Filter>Tools</Filter>
    </ClCompile>
  </ItemGroup>
  <ItemGroup>
    <ClInclude Include="Application.h" />
    <ClInclude Include="ImGui\imconfig.h">
      <Filter>ImGui</Filter>
    </ClInclude>
    <ClInclude Include="ImGui\imgui.h">
      <Filter>ImGui</Filter>
    </ClInclude>
    <ClInclude Include="ImGui\imgui_internal.h">
      <Filter>ImGui</Filter>
    </ClInclude>
    <ClInclude Include="ImGui\imgui_impl_sdl.h">
      <Filter>ImGui</Filter>
    </ClInclude>
    <ClInclude Include="ImGui\imgui_impl_opengl3.h">
      <Filter>ImGui</Filter>
    </ClInclude>
    <ClInclude Include="ImGuiConsole.h">
      <Filter>ImGui</Filter>
    </ClInclude>
    <ClInclude Include="ImGui\imstb_rectpack.h">
      <Filter>ImGui</Filter>
    </ClInclude>
    <ClInclude Include="ImGui\imstb_textedit.h">
      <Filter>ImGui</Filter>
    </ClInclude>
    <ClInclude Include="ImGui\imstb_truetype.h">
      <Filter>ImGui</Filter>
    </ClInclude>
    <ClInclude Include="ModuleCamera3D.h">
      <Filter>Modules</Filter>
    </ClInclude>
    <ClInclude Include="ModuleFileSystem.h">
      <Filter>Modules</Filter>
    </ClInclude>
    <ClInclude Include="ModuleImporter.h">
      <Filter>Modules</Filter>
    </ClInclude>
    <ClInclude Include="ModuleInput.h">
      <Filter>Modules</Filter>
    </ClInclude>
    <ClInclude Include="ModuleRenderer3D.h">
      <Filter>Modules</Filter>
    </ClInclude>
    <ClInclude Include="ModuleUI.h">
      <Filter>Modules</Filter>
    </ClInclude>
    <ClInclude Include="ModuleWindow.h">
      <Filter>Modules</Filter>
    </ClInclude>
    <ClInclude Include="Panel.h">
      <Filter>Modules\UI</Filter>
    </ClInclude>
    <ClInclude Include="PanelAbout.h">
      <Filter>Modules\UI</Filter>
    </ClInclude>
    <ClInclude Include="PanelConfig.h">
      <Filter>Modules\UI</Filter>
    </ClInclude>
    <ClInclude Include="PanelConsole.h">
      <Filter>Modules\UI</Filter>
    </ClInclude>
    <ClInclude Include="PanelShapes.h">
      <Filter>Modules\UI</Filter>
    </ClInclude>
    <ClInclude Include="ModuleSceneIntro.h">
      <Filter>Modules\Game</Filter>
    </ClInclude>
    <ClInclude Include="MathGeoLib\include\MathGeoLibFwd.h">
      <Filter>MathGeoLib</Filter>
    </ClInclude>
    <ClInclude Include="MathGeoLib\include\MathGeoLib.h">
      <Filter>MathGeoLib</Filter>
    </ClInclude>
    <ClInclude Include="MathGeoLib\include\MathBuildConfig.h">
      <Filter>MathGeoLib</Filter>
    </ClInclude>
    <ClInclude Include="Timer.h">
      <Filter>Tools</Filter>
    </ClInclude>
    <ClInclude Include="Globals.h">
      <Filter>Tools</Filter>
    </ClInclude>
    <ClInclude Include="glmath.h">
      <Filter>Tools</Filter>
    </ClInclude>
    <ClInclude Include="Color.h">
      <Filter>Tools</Filter>
    </ClInclude>
    <ClInclude Include="ParShapes\par_shapes.h">
      <Filter>par_shapes</Filter>
    </ClInclude>
    <ClInclude Include="Primitive.h">
      <Filter>Primitives</Filter>
    </ClInclude>
    <ClInclude Include="Light.h">
      <Filter>Tools</Filter>
    </ClInclude>
    <ClInclude Include="GameObject.h">
      <Filter>Modules\Game\GameObjects</Filter>
    </ClInclude>
    <ClInclude Include="Component_Texture.h">
      <Filter>Modules\Game\GameObjects</Filter>
    </ClInclude>
    <ClInclude Include="Component_Mesh.h">
      <Filter>Modules\Game\GameObjects</Filter>
    </ClInclude>
    <ClInclude Include="Component.h">
      <Filter>Modules\Game\GameObjects</Filter>
    </ClInclude>
    <ClInclude Include="Module.h">
      <Filter>Modules</Filter>
    </ClInclude>
    <ClInclude Include="PanelHierarchy.h">
      <Filter>Modules\UI</Filter>
    </ClInclude>
    <ClInclude Include="Component_Transform.h">
      <Filter>Modules\Game\GameObjects</Filter>
    </ClInclude>
    <ClInclude Include="PanelInspector.h">
      <Filter>Modules\UI</Filter>
    </ClInclude>
    <ClInclude Include="mmgr\mmgr.h">
      <Filter>mmgr</Filter>
    </ClInclude>
    <ClInclude Include="mmgr\nommgr.h">
      <Filter>mmgr</Filter>
    </ClInclude>
    <ClInclude Include="Importer.h">
      <Filter>Modules\Importers</Filter>
    </ClInclude>
    <ClInclude Include="MeshImporter.h">
      <Filter>Modules\Importers</Filter>
    </ClInclude>
    <ClInclude Include="MaterialImporter.h">
      <Filter>Modules\Importers</Filter>
    </ClInclude>
    <ClInclude Include="QuadTree.h">
      <Filter>Tools</Filter>
    </ClInclude>
  </ItemGroup>
  <ItemGroup>
    <None Include="Config.json" />
    <None Include="Game\About.json">
      <Filter>Tools</Filter>
    </None>
  </ItemGroup>
  <ItemGroup>
    <Filter Include="Modules">
      <UniqueIdentifier>{ec02e741-4593-4cc0-83ec-9f9d541d5024}</UniqueIdentifier>
    </Filter>
    <Filter Include="ImGui">
      <UniqueIdentifier>{3581a82c-5680-4acb-9a40-86ba44cc036a}</UniqueIdentifier>
    </Filter>
    <Filter Include="Modules\UI">
      <UniqueIdentifier>{6677352a-2fdf-41e6-9293-5e65dcc6f017}</UniqueIdentifier>
    </Filter>
    <Filter Include="Modules\Game">
      <UniqueIdentifier>{931de09f-6d2a-4b77-b864-5e43bd0fb2ea}</UniqueIdentifier>
    </Filter>
    <Filter Include="MathGeoLib">
      <UniqueIdentifier>{afd2d65c-7ac7-40b9-ade6-8610eda431a6}</UniqueIdentifier>
    </Filter>
    <Filter Include="Tools">
      <UniqueIdentifier>{a48b8947-8007-403b-9e06-45cb8479e16c}</UniqueIdentifier>
    </Filter>
    <Filter Include="par_shapes">
      <UniqueIdentifier>{dc263125-86b7-4278-93a5-1af7cb27ad16}</UniqueIdentifier>
    </Filter>
    <Filter Include="Primitives">
      <UniqueIdentifier>{0779bee4-5fa7-417b-8067-6320ec7c325b}</UniqueIdentifier>
    </Filter>
    <Filter Include="Modules\Game\GameObjects">
      <UniqueIdentifier>{287c39eb-bb1c-42af-b33f-fab53f60440f}</UniqueIdentifier>
    </Filter>
    <Filter Include="mmgr">
      <UniqueIdentifier>{d5468040-2afd-409f-8874-ec024470c5a9}</UniqueIdentifier>
    </Filter>
    <Filter Include="Modules\Importers">
      <UniqueIdentifier>{bba5b39f-dbf2-4b27-97e2-ce181c2b848c}</UniqueIdentifier>
    </Filter>
  </ItemGroup>
</Project>